
Microsoft Visual Studio Solution File, Format Version 12.00
# Visual Studio Version 16
VisualStudioVersion = 16.0.31402.337
MinimumVisualStudioVersion = 10.0.40219.1
Project("{9A19103F-16F7-4668-BE54-9A1E7A4F7556}") = "gonzo", "gonzo\gonzo.csproj", "{80E02616-C745-499F-B0EF-F6A678F3AB66}"
EndProject
Project("{9A19103F-16F7-4668-BE54-9A1E7A4F7556}") = "gonzo.tests", "..\gonzo.tests\gonzo.tests.csproj", "{3B2EDCCC-DC4B-4860-8DE2-98B63D0B00A9}"
EndProject
Project("{FAE04EC0-301F-11D3-BF4B-00C04F79EFBC}") = "Gonzo.Lib", "..\Gonzo.Lib\Gonzo.Lib\Gonzo.Lib.csproj", "{D768925E-0C6A-4C10-8612-0F371B868C09}"
EndProject
Global
	GlobalSection(SolutionConfigurationPlatforms) = preSolution
		Debug|Any CPU = Debug|Any CPU
		Release|Any CPU = Release|Any CPU
	EndGlobalSection
	GlobalSection(ProjectConfigurationPlatforms) = postSolution
		{80E02616-C745-499F-B0EF-F6A678F3AB66}.Debug|Any CPU.ActiveCfg = Debug|Any CPU
		{80E02616-C745-499F-B0EF-F6A678F3AB66}.Debug|Any CPU.Build.0 = Debug|Any CPU
		{80E02616-C745-499F-B0EF-F6A678F3AB66}.Release|Any CPU.ActiveCfg = Release|Any CPU
		{80E02616-C745-499F-B0EF-F6A678F3AB66}.Release|Any CPU.Build.0 = Release|Any CPU
		{3B2EDCCC-DC4B-4860-8DE2-98B63D0B00A9}.Debug|Any CPU.ActiveCfg = Debug|Any CPU
		{3B2EDCCC-DC4B-4860-8DE2-98B63D0B00A9}.Debug|Any CPU.Build.0 = Debug|Any CPU
		{3B2EDCCC-DC4B-4860-8DE2-98B63D0B00A9}.Release|Any CPU.ActiveCfg = Release|Any CPU
		{3B2EDCCC-DC4B-4860-8DE2-98B63D0B00A9}.Release|Any CPU.Build.0 = Release|Any CPU
		{D768925E-0C6A-4C10-8612-0F371B868C09}.Debug|Any CPU.ActiveCfg = Debug|Any CPU
		{D768925E-0C6A-4C10-8612-0F371B868C09}.Debug|Any CPU.Build.0 = Debug|Any CPU
		{D768925E-0C6A-4C10-8612-0F371B868C09}.Release|Any CPU.ActiveCfg = Release|Any CPU
		{D768925E-0C6A-4C10-8612-0F371B868C09}.Release|Any CPU.Build.0 = Release|Any CPU
	EndGlobalSection
	GlobalSection(SolutionProperties) = preSolution
		HideSolutionNode = FALSE
	EndGlobalSection
	GlobalSection(ExtensibilityGlobals) = postSolution
		SolutionGuid = {51C3B7DE-FCD0-4E94-AD32-A8CBA178D7FA}
	EndGlobalSection
EndGlobal
